
Microsoft Visual Studio Solution File, Format Version 12.00
# Visual Studio Version 17
VisualStudioVersion = 17.9.34607.119
MinimumVisualStudioVersion = 10.0.40219.1
Project("{2150E333-8FDC-42A3-9474-1A3956D46DE8}") = "src", "src", "{FC007313-5933-4C51-9708-53B9E221E831}"
EndProject
Project("{2150E333-8FDC-42A3-9474-1A3956D46DE8}") = "test", "test", "{AE09AFE0-531B-4F08-9692-7F3670C71BA2}"
EndProject
Project("{9A19103F-16F7-4668-BE54-9A1E7A4F7556}") = "Auction.API", "src\Auction.API\Auction.API.csproj", "{4B08AEBA-DD50-4D34-AB59-CAAAAF1BEAB2}"
EndProject
Project("{FAE04EC0-301F-11D3-BF4B-00C04F79EFBC}") = "UseCases.Test", "test\UseCases.Test\UseCases.Test.csproj", "{C9E0EE38-5723-4474-B0F0-1DA189B7E9A9}"
EndProject
Global
	GlobalSection(SolutionConfigurationPlatforms) = preSolution
		Debug|Any CPU = Debug|Any CPU
		Release|Any CPU = Release|Any CPU
	EndGlobalSection
	GlobalSection(ProjectConfigurationPlatforms) = postSolution
		{4B08AEBA-DD50-4D34-AB59-CAAAAF1BEAB2}.Debug|Any CPU.ActiveCfg = Debug|Any CPU
		{4B08AEBA-DD50-4D34-AB59-CAAAAF1BEAB2}.Debug|Any CPU.Build.0 = Debug|Any CPU
		{4B08AEBA-DD50-4D34-AB59-CAAAAF1BEAB2}.Release|Any CPU.ActiveCfg = Release|Any CPU
		{4B08AEBA-DD50-4D34-AB59-CAAAAF1BEAB2}.Release|Any CPU.Build.0 = Release|Any CPU
		{C9E0EE38-5723-4474-B0F0-1DA189B7E9A9}.Debug|Any CPU.ActiveCfg = Debug|Any CPU
		{C9E0EE38-5723-4474-B0F0-1DA189B7E9A9}.Debug|Any CPU.Build.0 = Debug|Any CPU
		{C9E0EE38-5723-4474-B0F0-1DA189B7E9A9}.Release|Any CPU.ActiveCfg = Release|Any CPU
		{C9E0EE38-5723-4474-B0F0-1DA189B7E9A9}.Release|Any CPU.Build.0 = Release|Any CPU
	EndGlobalSection
	GlobalSection(SolutionProperties) = preSolution
		HideSolutionNode = FALSE
	EndGlobalSection
	GlobalSection(NestedProjects) = preSolution
		{4B08AEBA-DD50-4D34-AB59-CAAAAF1BEAB2} = {FC007313-5933-4C51-9708-53B9E221E831}
		{C9E0EE38-5723-4474-B0F0-1DA189B7E9A9} = {AE09AFE0-531B-4F08-9692-7F3670C71BA2}
	EndGlobalSection
	GlobalSection(ExtensibilityGlobals) = postSolution
		SolutionGuid = {8A929CED-3FD0-484C-AD65-D84F34EAC87D}
	EndGlobalSection
EndGlobal
